
Microsoft Visual Studio Solution File, Format Version 12.00
Project("{FAE04EC0-301F-11D3-BF4B-00C04F79EFBC}") = "MusicLibraryApi", "MusicLibraryApi\MusicLibraryApi.csproj", "{43886366-CFEA-4ECA-B714-F1C17160B920}"
EndProject
Global
	GlobalSection(SolutionConfigurationPlatforms) = preSolution
		Debug|Any CPU = Debug|Any CPU
		Release|Any CPU = Release|Any CPU
	EndGlobalSection
	GlobalSection(ProjectConfigurationPlatforms) = postSolution
		{43886366-CFEA-4ECA-B714-F1C17160B920}.Debug|Any CPU.ActiveCfg = Debug|Any CPU
		{43886366-CFEA-4ECA-B714-F1C17160B920}.Debug|Any CPU.Build.0 = Debug|Any CPU
		{43886366-CFEA-4ECA-B714-F1C17160B920}.Release|Any CPU.ActiveCfg = Release|Any CPU
		{43886366-CFEA-4ECA-B714-F1C17160B920}.Release|Any CPU.Build.0 = Release|Any CPU
	EndGlobalSection
EndGlobal
